<?xml version="1.0" encoding="UTF-8"?>
<CodeBlocks_project_file>
	<FileVersion major="1" minor="6"/>
	<Project>
		<Option title="Project"/>
		<Option makefile_is_custom="1"/>
		<Option compiler="gcc"/>
		<Option virtualFolders="CMake Files\;CMake Files\..\;"/>
		<Build>
			<Target title="all">
				<Option working_dir="/home/odm3n/Documents/gnl"/>
				<Option type="4"/>
				<MakeCommands>
					<Build command="/usr/bin/make -f &quot;/home/odm3n/Documents/gnl/Makefile&quot;  VERBOSE=1 all"/>
					<CompileFile command="/usr/bin/make -f &quot;/home/odm3n/Documents/gnl/Makefile&quot;  VERBOSE=1 &quot;$file&quot;"/>
					<Clean command="/usr/bin/make -f &quot;/home/odm3n/Documents/gnl/Makefile&quot;  VERBOSE=1 clean"/>
					<DistClean command="/usr/bin/make -f &quot;/home/odm3n/Documents/gnl/Makefile&quot;  VERBOSE=1 clean"/>
				</MakeCommands>
			</Target>
			<Target title="rebuild_cache">
				<Option working_dir="/home/odm3n/Documents/gnl"/>
				<Option type="4"/>
				<MakeCommands>
					<Build command="/usr/bin/make -f &quot;/home/odm3n/Documents/gnl/Makefile&quot;  VERBOSE=1 rebuild_cache"/>
					<CompileFile command="/usr/bin/make -f &quot;/home/odm3n/Documents/gnl/Makefile&quot;  VERBOSE=1 &quot;$file&quot;"/>
					<Clean command="/usr/bin/make -f &quot;/home/odm3n/Documents/gnl/Makefile&quot;  VERBOSE=1 clean"/>
					<DistClean command="/usr/bin/make -f &quot;/home/odm3n/Documents/gnl/Makefile&quot;  VERBOSE=1 clean"/>
				</MakeCommands>
			</Target>
			<Target title="edit_cache">
				<Option working_dir="/home/odm3n/Documents/gnl"/>
				<Option type="4"/>
				<MakeCommands>
					<Build command="/usr/bin/make -f &quot;/home/odm3n/Documents/gnl/Makefile&quot;  VERBOSE=1 edit_cache"/>
					<CompileFile command="/usr/bin/make -f &quot;/home/odm3n/Documents/gnl/Makefile&quot;  VERBOSE=1 &quot;$file&quot;"/>
					<Clean command="/usr/bin/make -f &quot;/home/odm3n/Documents/gnl/Makefile&quot;  VERBOSE=1 clean"/>
					<DistClean command="/usr/bin/make -f &quot;/home/odm3n/Documents/gnl/Makefile&quot;  VERBOSE=1 clean"/>
				</MakeCommands>
			</Target>
			<Target title="example1.analyze">
				<Option working_dir="/home/odm3n/Documents/gnl"/>
				<Option type="4"/>
				<MakeCommands>
					<Build command="/usr/bin/make -f &quot;/home/odm3n/Documents/gnl/Makefile&quot;  VERBOSE=1 example1.analyze"/>
					<CompileFile command="/usr/bin/make -f &quot;/home/odm3n/Documents/gnl/Makefile&quot;  VERBOSE=1 &quot;$file&quot;"/>
					<Clean command="/usr/bin/make -f &quot;/home/odm3n/Documents/gnl/Makefile&quot;  VERBOSE=1 clean"/>
					<DistClean command="/usr/bin/make -f &quot;/home/odm3n/Documents/gnl/Makefile&quot;  VERBOSE=1 clean"/>
				</MakeCommands>
			</Target>
			<Target title="get_next_line">
				<Option output="/home/odm3n/Documents/gnl/get_next_line" prefix_auto="0" extension_auto="0"/>
				<Option working_dir="/home/odm3n/Documents/gnl"/>
				<Option object_output="./"/>
				<Option type="1"/>
				<Option compiler="gcc"/>
				<Compiler>
					<Add directory="/home/odm3n/Documents/gnl/."/>
					<Add directory="/home/odm3n/Documents/gnl/sources"/>
				</Compiler>
				<MakeCommands>
					<Build command="/usr/bin/make -f &quot;/home/odm3n/Documents/gnl/Makefile&quot;  VERBOSE=1 get_next_line"/>
					<CompileFile command="/usr/bin/make -f &quot;/home/odm3n/Documents/gnl/Makefile&quot;  VERBOSE=1 &quot;$file&quot;"/>
					<Clean command="/usr/bin/make -f &quot;/home/odm3n/Documents/gnl/Makefile&quot;  VERBOSE=1 clean"/>
					<DistClean command="/usr/bin/make -f &quot;/home/odm3n/Documents/gnl/Makefile&quot;  VERBOSE=1 clean"/>
				</MakeCommands>
			</Target>
			<Target title="get_next_line/fast">
				<Option output="/home/odm3n/Documents/gnl/get_next_line" prefix_auto="0" extension_auto="0"/>
				<Option working_dir="/home/odm3n/Documents/gnl"/>
				<Option object_output="./"/>
				<Option type="1"/>
				<Option compiler="gcc"/>
				<Compiler>
					<Add directory="/home/odm3n/Documents/gnl/."/>
					<Add directory="/home/odm3n/Documents/gnl/sources"/>
				</Compiler>
				<MakeCommands>
					<Build command="/usr/bin/make -f &quot;/home/odm3n/Documents/gnl/Makefile&quot;  VERBOSE=1 get_next_line/fast"/>
					<CompileFile command="/usr/bin/make -f &quot;/home/odm3n/Documents/gnl/Makefile&quot;  VERBOSE=1 &quot;$file&quot;"/>
					<Clean command="/usr/bin/make -f &quot;/home/odm3n/Documents/gnl/Makefile&quot;  VERBOSE=1 clean"/>
					<DistClean command="/usr/bin/make -f &quot;/home/odm3n/Documents/gnl/Makefile&quot;  VERBOSE=1 clean"/>
				</MakeCommands>
			</Target>
		</Build>
		<Unit filename="/home/odm3n/Documents/gnl/get_next_line.c">
			<Option target="get_next_line"/>
		</Unit>
		<Unit filename="/home/odm3n/Documents/gnl/get_next_line.h">
			<Option target="get_next_line"/>
		</Unit>
		<Unit filename="/home/odm3n/Documents/gnl/sources/ft_atoi.c">
			<Option target="get_next_line"/>
		</Unit>
		<Unit filename="/home/odm3n/Documents/gnl/sources/ft_bzero.c">
			<Option target="get_next_line"/>
		</Unit>
		<Unit filename="/home/odm3n/Documents/gnl/sources/ft_cpyuntil.c">
			<Option target="get_next_line"/>
		</Unit>
		<Unit filename="/home/odm3n/Documents/gnl/sources/ft_is_null_ptr.c">
			<Option target="get_next_line"/>
		</Unit>
		<Unit filename="/home/odm3n/Documents/gnl/sources/ft_isalnum.c">
			<Option target="get_next_line"/>
		</Unit>
		<Unit filename="/home/odm3n/Documents/gnl/sources/ft_isalpha.c">
			<Option target="get_next_line"/>
		</Unit>
		<Unit filename="/home/odm3n/Documents/gnl/sources/ft_isascii.c">
			<Option target="get_next_line"/>
		</Unit>
		<Unit filename="/home/odm3n/Documents/gnl/sources/ft_isblank.c">
			<Option target="get_next_line"/>
		</Unit>
		<Unit filename="/home/odm3n/Documents/gnl/sources/ft_isdigit.c">
			<Option target="get_next_line"/>
		</Unit>
		<Unit filename="/home/odm3n/Documents/gnl/sources/ft_isprint.c">
			<Option target="get_next_line"/>
		</Unit>
		<Unit filename="/home/odm3n/Documents/gnl/sources/ft_itoa.c">
			<Option target="get_next_line"/>
		</Unit>
		<Unit filename="/home/odm3n/Documents/gnl/sources/ft_lstadd.c">
			<Option target="get_next_line"/>
		</Unit>
		<Unit filename="/home/odm3n/Documents/gnl/sources/ft_lstaddback.c">
			<Option target="get_next_line"/>
		</Unit>
		<Unit filename="/home/odm3n/Documents/gnl/sources/ft_lstdel.c">
			<Option target="get_next_line"/>
		</Unit>
		<Unit filename="/home/odm3n/Documents/gnl/sources/ft_lstdelone.c">
			<Option target="get_next_line"/>
		</Unit>
		<Unit filename="/home/odm3n/Documents/gnl/sources/ft_lstiter.c">
			<Option target="get_next_line"/>
		</Unit>
		<Unit filename="/home/odm3n/Documents/gnl/sources/ft_lstmap.c">
			<Option target="get_next_line"/>
		</Unit>
		<Unit filename="/home/odm3n/Documents/gnl/sources/ft_lstnew.c">
			<Option target="get_next_line"/>
		</Unit>
		<Unit filename="/home/odm3n/Documents/gnl/sources/ft_memalloc.c">
			<Option target="get_next_line"/>
		</Unit>
		<Unit filename="/home/odm3n/Documents/gnl/sources/ft_memccpy.c">
			<Option target="get_next_line"/>
		</Unit>
		<Unit filename="/home/odm3n/Documents/gnl/sources/ft_memchr.c">
			<Option target="get_next_line"/>
		</Unit>
		<Unit filename="/home/odm3n/Documents/gnl/sources/ft_memcmp.c">
			<Option target="get_next_line"/>
		</Unit>
		<Unit filename="/home/odm3n/Documents/gnl/sources/ft_memcpy.c">
			<Option target="get_next_line"/>
		</Unit>
		<Unit filename="/home/odm3n/Documents/gnl/sources/ft_memdel.c">
			<Option target="get_next_line"/>
		</Unit>
		<Unit filename="/home/odm3n/Documents/gnl/sources/ft_memmove.c">
			<Option target="get_next_line"/>
		</Unit>
		<Unit filename="/home/odm3n/Documents/gnl/sources/ft_memset.c">
			<Option target="get_next_line"/>
		</Unit>
		<Unit filename="/home/odm3n/Documents/gnl/sources/ft_putchar.c">
			<Option target="get_next_line"/>
		</Unit>
		<Unit filename="/home/odm3n/Documents/gnl/sources/ft_putchar_fd.c">
			<Option target="get_next_line"/>
		</Unit>
		<Unit filename="/home/odm3n/Documents/gnl/sources/ft_putendl.c">
			<Option target="get_next_line"/>
		</Unit>
		<Unit filename="/home/odm3n/Documents/gnl/sources/ft_putendl_fd.c">
			<Option target="get_next_line"/>
		</Unit>
		<Unit filename="/home/odm3n/Documents/gnl/sources/ft_putnbr.c">
			<Option target="get_next_line"/>
		</Unit>
		<Unit filename="/home/odm3n/Documents/gnl/sources/ft_putnbr_fd.c">
			<Option target="get_next_line"/>
		</Unit>
		<Unit filename="/home/odm3n/Documents/gnl/sources/ft_putstr.c">
			<Option target="get_next_line"/>
		</Unit>
		<Unit filename="/home/odm3n/Documents/gnl/sources/ft_putstr_fd.c">
			<Option target="get_next_line"/>
		</Unit>
		<Unit filename="/home/odm3n/Documents/gnl/sources/ft_strcat.c">
			<Option target="get_next_line"/>
		</Unit>
		<Unit filename="/home/odm3n/Documents/gnl/sources/ft_strchr.c">
			<Option target="get_next_line"/>
		</Unit>
		<Unit filename="/home/odm3n/Documents/gnl/sources/ft_strclr.c">
			<Option target="get_next_line"/>
		</Unit>
		<Unit filename="/home/odm3n/Documents/gnl/sources/ft_strcmp.c">
			<Option target="get_next_line"/>
		</Unit>
		<Unit filename="/home/odm3n/Documents/gnl/sources/ft_strcopy_untill.c">
			<Option target="get_next_line"/>
		</Unit>
		<Unit filename="/home/odm3n/Documents/gnl/sources/ft_strcpy.c">
			<Option target="get_next_line"/>
		</Unit>
		<Unit filename="/home/odm3n/Documents/gnl/sources/ft_strdel.c">
			<Option target="get_next_line"/>
		</Unit>
		<Unit filename="/home/odm3n/Documents/gnl/sources/ft_strdup.c">
			<Option target="get_next_line"/>
		</Unit>
		<Unit filename="/home/odm3n/Documents/gnl/sources/ft_strequ.c">
			<Option target="get_next_line"/>
		</Unit>
		<Unit filename="/home/odm3n/Documents/gnl/sources/ft_striter.c">
			<Option target="get_next_line"/>
		</Unit>
		<Unit filename="/home/odm3n/Documents/gnl/sources/ft_striteri.c">
			<Option target="get_next_line"/>
		</Unit>
		<Unit filename="/home/odm3n/Documents/gnl/sources/ft_strjoin.c">
			<Option target="get_next_line"/>
		</Unit>
		<Unit filename="/home/odm3n/Documents/gnl/sources/ft_strjoinch.c">
			<Option target="get_next_line"/>
		</Unit>
		<Unit filename="/home/odm3n/Documents/gnl/sources/ft_strjoinf.c">
			<Option target="get_next_line"/>
		</Unit>
		<Unit filename="/home/odm3n/Documents/gnl/sources/ft_strlcat.c">
			<Option target="get_next_line"/>
		</Unit>
		<Unit filename="/home/odm3n/Documents/gnl/sources/ft_strlen.c">
			<Option target="get_next_line"/>
		</Unit>
		<Unit filename="/home/odm3n/Documents/gnl/sources/ft_strmap.c">
			<Option target="get_next_line"/>
		</Unit>
		<Unit filename="/home/odm3n/Documents/gnl/sources/ft_strmapi.c">
			<Option target="get_next_line"/>
		</Unit>
		<Unit filename="/home/odm3n/Documents/gnl/sources/ft_strncat.c">
			<Option target="get_next_line"/>
		</Unit>
		<Unit filename="/home/odm3n/Documents/gnl/sources/ft_strncmp.c">
			<Option target="get_next_line"/>
		</Unit>
		<Unit filename="/home/odm3n/Documents/gnl/sources/ft_strncpy.c">
			<Option target="get_next_line"/>
		</Unit>
		<Unit filename="/home/odm3n/Documents/gnl/sources/ft_strnequ.c">
			<Option target="get_next_line"/>
		</Unit>
		<Unit filename="/home/odm3n/Documents/gnl/sources/ft_strnew.c">
			<Option target="get_next_line"/>
		</Unit>
		<Unit filename="/home/odm3n/Documents/gnl/sources/ft_strnlen.c">
			<Option target="get_next_line"/>
		</Unit>
		<Unit filename="/home/odm3n/Documents/gnl/sources/ft_strnstr.c">
			<Option target="get_next_line"/>
		</Unit>
		<Unit filename="/home/odm3n/Documents/gnl/sources/ft_strrchr.c">
			<Option target="get_next_line"/>
		</Unit>
		<Unit filename="/home/odm3n/Documents/gnl/sources/ft_strsplit.c">
			<Option target="get_next_line"/>
		</Unit>
		<Unit filename="/home/odm3n/Documents/gnl/sources/ft_strstr.c">
			<Option target="get_next_line"/>
		</Unit>
		<Unit filename="/home/odm3n/Documents/gnl/sources/ft_strsub.c">
			<Option target="get_next_line"/>
		</Unit>
		<Unit filename="/home/odm3n/Documents/gnl/sources/ft_strtrim.c">
			<Option target="get_next_line"/>
		</Unit>
		<Unit filename="/home/odm3n/Documents/gnl/sources/ft_swap.c">
			<Option target="get_next_line"/>
		</Unit>
		<Unit filename="/home/odm3n/Documents/gnl/sources/ft_tolower.c">
			<Option target="get_next_line"/>
		</Unit>
		<Unit filename="/home/odm3n/Documents/gnl/sources/ft_toupper.c">
			<Option target="get_next_line"/>
		</Unit>
		<Unit filename="/home/odm3n/Documents/gnl/sources/libft.h">
			<Option target="get_next_line"/>
		</Unit>
		<Unit filename="/home/odm3n/Documents/gnl/CMakeLists.txt">
			<Option virtualFolder="CMake Files\"/>
		</Unit>
		<Unit filename="/home/odm3n/Documents/gnl/../PVS-Studio.cmake">
			<Option virtualFolder="CMake Files\..\"/>
		</Unit>
	</Project>
</CodeBlocks_project_file>
